
Microsoft Visual Studio Solution File, Format Version 12.00
Project("{FAE04EC0-301F-11D3-BF4B-00C04F79EFBC}") = "CoursesApp", "CoursesApp\CoursesApp\CoursesApp.csproj", "{6BF04069-4291-4EAA-AEC5-A6CCEA958DB3}"
EndProject
Project("{FAE04EC0-301F-11D3-BF4B-00C04F79EFBC}") = "CoursesApp.Android", "CoursesApp\CoursesApp.Android\CoursesApp.Android.csproj", "{0F9A4277-2BDE-48EC-86AD-83FDB75BF501}"
EndProject
Project("{FAE04EC0-301F-11D3-BF4B-00C04F79EFBC}") = "CoursesApp.iOS", "CoursesApp\CoursesApp.iOS\CoursesApp.iOS.csproj", "{94C3992C-80A9-4481-A3FB-02F65726EA12}"
EndProject
Global
	GlobalSection(SolutionConfigurationPlatforms) = preSolution
		Ad-Hoc|iPhone = Ad-Hoc|iPhone
		AppStore|iPhone = AppStore|iPhone
		Debug|Any CPU = Debug|Any CPU
		Debug|iPhone = Debug|iPhone
		Debug|iPhoneSimulator = Debug|iPhoneSimulator
		Release|Any CPU = Release|Any CPU
		Release|iPhone = Release|iPhone
		Release|iPhoneSimulator = Release|iPhoneSimulator
	EndGlobalSection
	GlobalSection(ProjectConfigurationPlatforms) = postSolution
		{6BF04069-4291-4EAA-AEC5-A6CCEA958DB3}.Ad-Hoc|iPhone.ActiveCfg = Debug|Any CPU
		{6BF04069-4291-4EAA-AEC5-A6CCEA958DB3}.Ad-Hoc|iPhone.Build.0 = Debug|Any CPU
		{6BF04069-4291-4EAA-AEC5-A6CCEA958DB3}.AppStore|iPhone.ActiveCfg = Debug|Any CPU
		{6BF04069-4291-4EAA-AEC5-A6CCEA958DB3}.AppStore|iPhone.Build.0 = Debug|Any CPU
		{6BF04069-4291-4EAA-AEC5-A6CCEA958DB3}.Debug|Any CPU.ActiveCfg = Debug|Any CPU
		{6BF04069-4291-4EAA-AEC5-A6CCEA958DB3}.Debug|Any CPU.Build.0 = Debug|Any CPU
		{6BF04069-4291-4EAA-AEC5-A6CCEA958DB3}.Debug|iPhone.ActiveCfg = Debug|Any CPU
		{6BF04069-4291-4EAA-AEC5-A6CCEA958DB3}.Debug|iPhone.Build.0 = Debug|Any CPU
		{6BF04069-4291-4EAA-AEC5-A6CCEA958DB3}.Debug|iPhoneSimulator.ActiveCfg = Debug|Any CPU
		{6BF04069-4291-4EAA-AEC5-A6CCEA958DB3}.Debug|iPhoneSimulator.Build.0 = Debug|Any CPU
		{6BF04069-4291-4EAA-AEC5-A6CCEA958DB3}.Release|Any CPU.ActiveCfg = Release|Any CPU
		{6BF04069-4291-4EAA-AEC5-A6CCEA958DB3}.Release|Any CPU.Build.0 = Release|Any CPU
		{6BF04069-4291-4EAA-AEC5-A6CCEA958DB3}.Release|iPhone.ActiveCfg = Release|Any CPU
		{6BF04069-4291-4EAA-AEC5-A6CCEA958DB3}.Release|iPhone.Build.0 = Release|Any CPU
		{6BF04069-4291-4EAA-AEC5-A6CCEA958DB3}.Release|iPhoneSimulator.ActiveCfg = Release|Any CPU
		{6BF04069-4291-4EAA-AEC5-A6CCEA958DB3}.Release|iPhoneSimulator.Build.0 = Release|Any CPU
		{0F9A4277-2BDE-48EC-86AD-83FDB75BF501}.Ad-Hoc|iPhone.ActiveCfg = Debug|Any CPU
		{0F9A4277-2BDE-48EC-86AD-83FDB75BF501}.Ad-Hoc|iPhone.Build.0 = Debug|Any CPU
		{0F9A4277-2BDE-48EC-86AD-83FDB75BF501}.Ad-Hoc|iPhone.Deploy.0 = Debug|Any CPU
		{0F9A4277-2BDE-48EC-86AD-83FDB75BF501}.AppStore|iPhone.ActiveCfg = Debug|Any CPU
		{0F9A4277-2BDE-48EC-86AD-83FDB75BF501}.AppStore|iPhone.Build.0 = Debug|Any CPU
		{0F9A4277-2BDE-48EC-86AD-83FDB75BF501}.AppStore|iPhone.Deploy.0 = Debug|Any CPU
		{0F9A4277-2BDE-48EC-86AD-83FDB75BF501}.Debug|Any CPU.ActiveCfg = Debug|Any CPU
		{0F9A4277-2BDE-48EC-86AD-83FDB75BF501}.Debug|Any CPU.Build.0 = Debug|Any CPU
		{0F9A4277-2BDE-48EC-86AD-83FDB75BF501}.Debug|Any CPU.Deploy.0 = Debug|Any CPU
		{0F9A4277-2BDE-48EC-86AD-83FDB75BF501}.Debug|iPhone.ActiveCfg = Debug|Any CPU
		{0F9A4277-2BDE-48EC-86AD-83FDB75BF501}.Debug|iPhone.Build.0 = Debug|Any CPU
		{0F9A4277-2BDE-48EC-86AD-83FDB75BF501}.Debug|iPhone.Deploy.0 = Debug|Any CPU
		{0F9A4277-2BDE-48EC-86AD-83FDB75BF501}.Debug|iPhoneSimulator.ActiveCfg = Debug|Any CPU
		{0F9A4277-2BDE-48EC-86AD-83FDB75BF501}.Debug|iPhoneSimulator.Build.0 = Debug|Any CPU
		{0F9A4277-2BDE-48EC-86AD-83FDB75BF501}.Debug|iPhoneSimulator.Deploy.0 = Debug|Any CPU
		{0F9A4277-2BDE-48EC-86AD-83FDB75BF501}.Release|Any CPU.ActiveCfg = Release|Any CPU
		{0F9A4277-2BDE-48EC-86AD-83FDB75BF501}.Release|Any CPU.Build.0 = Release|Any CPU
		{0F9A4277-2BDE-48EC-86AD-83FDB75BF501}.Release|Any CPU.Deploy.0 = Release|Any CPU
		{0F9A4277-2BDE-48EC-86AD-83FDB75BF501}.Release|iPhone.ActiveCfg = Release|Any CPU
		{0F9A4277-2BDE-48EC-86AD-83FDB75BF501}.Release|iPhone.Build.0 = Release|Any CPU
		{0F9A4277-2BDE-48EC-86AD-83FDB75BF501}.Release|iPhone.Deploy.0 = Release|Any CPU
		{0F9A4277-2BDE-48EC-86AD-83FDB75BF501}.Release|iPhoneSimulator.ActiveCfg = Release|Any CPU
		{0F9A4277-2BDE-48EC-86AD-83FDB75BF501}.Release|iPhoneSimulator.Build.0 = Release|Any CPU
		{0F9A4277-2BDE-48EC-86AD-83FDB75BF501}.Release|iPhoneSimulator.Deploy.0 = Release|Any CPU
		{94C3992C-80A9-4481-A3FB-02F65726EA12}.Ad-Hoc|iPhone.ActiveCfg = Ad-Hoc|iPhone
		{94C3992C-80A9-4481-A3FB-02F65726EA12}.Ad-Hoc|iPhone.Build.0 = Ad-Hoc|iPhone
		{94C3992C-80A9-4481-A3FB-02F65726EA12}.Ad-Hoc|iPhone.Deploy.0 = Ad-Hoc|iPhone
		{94C3992C-80A9-4481-A3FB-02F65726EA12}.AppStore|iPhone.ActiveCfg = AppStore|iPhone
		{94C3992C-80A9-4481-A3FB-02F65726EA12}.AppStore|iPhone.Build.0 = AppStore|iPhone
		{94C3992C-80A9-4481-A3FB-02F65726EA12}.AppStore|iPhone.Deploy.0 = AppStore|iPhone
		{94C3992C-80A9-4481-A3FB-02F65726EA12}.Debug|Any CPU.ActiveCfg = Debug|iPhoneSimulator
		{94C3992C-80A9-4481-A3FB-02F65726EA12}.Debug|Any CPU.Build.0 = Debug|iPhoneSimulator
		{94C3992C-80A9-4481-A3FB-02F65726EA12}.Debug|Any CPU.Deploy.0 = Debug|iPhoneSimulator
		{94C3992C-80A9-4481-A3FB-02F65726EA12}.Debug|iPhone.ActiveCfg = Debug|iPhone
		{94C3992C-80A9-4481-A3FB-02F65726EA12}.Debug|iPhone.Build.0 = Debug|iPhone
		{94C3992C-80A9-4481-A3FB-02F65726EA12}.Debug|iPhone.Deploy.0 = Debug|iPhone
		{94C3992C-80A9-4481-A3FB-02F65726EA12}.Debug|iPhoneSimulator.ActiveCfg = Debug|iPhoneSimulator
		{94C3992C-80A9-4481-A3FB-02F65726EA12}.Debug|iPhoneSimulator.Build.0 = Debug|iPhoneSimulator
		{94C3992C-80A9-4481-A3FB-02F65726EA12}.Debug|iPhoneSimulator.Deploy.0 = Debug|iPhoneSimulator
		{94C3992C-80A9-4481-A3FB-02F65726EA12}.Release|Any CPU.ActiveCfg = Release|iPhoneSimulator
		{94C3992C-80A9-4481-A3FB-02F65726EA12}.Release|Any CPU.Build.0 = Release|iPhoneSimulator
		{94C3992C-80A9-4481-A3FB-02F65726EA12}.Release|Any CPU.Deploy.0 = Release|iPhoneSimulator
		{94C3992C-80A9-4481-A3FB-02F65726EA12}.Release|iPhone.ActiveCfg = Release|iPhone
		{94C3992C-80A9-4481-A3FB-02F65726EA12}.Release|iPhone.Build.0 = Release|iPhone
		{94C3992C-80A9-4481-A3FB-02F65726EA12}.Release|iPhone.Deploy.0 = Release|iPhone
		{94C3992C-80A9-4481-A3FB-02F65726EA12}.Release|iPhoneSimulator.ActiveCfg = Release|iPhoneSimulator
		{94C3992C-80A9-4481-A3FB-02F65726EA12}.Release|iPhoneSimulator.Build.0 = Release|iPhoneSimulator
		{94C3992C-80A9-4481-A3FB-02F65726EA12}.Release|iPhoneSimulator.Deploy.0 = Release|iPhoneSimulator
	EndGlobalSection
EndGlobal
